
Microsoft Visual Studio Solution File, Format Version 11.00
# Visual Studio 2010
Project("{FAE04EC0-301F-11D3-BF4B-00C04F79EFBC}") = "Whack-a-mole", "Assembly-CSharp.csproj", "{7F4D1B45-5339-4261-534A-4BA4211DC05E}"
EndProject
Project("{FAE04EC0-301F-11D3-BF4B-00C04F79EFBC}") = "Whack-a-mole", "Assembly-CSharp-Editor.csproj", "{CF0A8D4A-24A0-A352-5742-C6B98A186ADB}"
EndProject
Global
	GlobalSection(SolutionConfigurationPlatforms) = preSolution
		Debug|Any CPU = Debug|Any CPU
		Release|Any CPU = Release|Any CPU
	EndGlobalSection
	GlobalSection(ProjectConfigurationPlatforms) = postSolution
		{7F4D1B45-5339-4261-534A-4BA4211DC05E}.Debug|Any CPU.ActiveCfg = Debug|Any CPU
		{7F4D1B45-5339-4261-534A-4BA4211DC05E}.Debug|Any CPU.Build.0 = Debug|Any CPU
		{7F4D1B45-5339-4261-534A-4BA4211DC05E}.Release|Any CPU.ActiveCfg = Release|Any CPU
		{7F4D1B45-5339-4261-534A-4BA4211DC05E}.Release|Any CPU.Build.0 = Release|Any CPU
		{CF0A8D4A-24A0-A352-5742-C6B98A186ADB}.Debug|Any CPU.ActiveCfg = Debug|Any CPU
		{CF0A8D4A-24A0-A352-5742-C6B98A186ADB}.Debug|Any CPU.Build.0 = Debug|Any CPU
		{CF0A8D4A-24A0-A352-5742-C6B98A186ADB}.Release|Any CPU.ActiveCfg = Release|Any CPU
		{CF0A8D4A-24A0-A352-5742-C6B98A186ADB}.Release|Any CPU.Build.0 = Release|Any CPU
	EndGlobalSection
	GlobalSection(SolutionProperties) = preSolution
		HideSolutionNode = FALSE
	EndGlobalSection
	GlobalSection(MonoDevelopProperties) = preSolution
		StartupItem = Assembly-CSharp.csproj
	EndGlobalSection
EndGlobal
